// !$*UTF8*$!
{
	archiveVersion = 1;
	classes = {
	};
	objectVersion = 46;
	objects = {

/* Begin PBXBuildFile section */
		D16E425F1F5F6A70009F6156 /* main.c in Sources */ = {isa = PBXBuildFile; fileRef = D16E425E1F5F6A70009F6156 /* main.c */; };
		D16E42671F5F6E98009F6156 /* Result.c in Sources */ = {isa = PBXBuildFile; fileRef = D16E42651F5F6E98009F6156 /* Result.c */; };
		D16E426A1F5F6EE8009F6156 /* UserInput.c in Sources */ = {isa = PBXBuildFile; fileRef = D16E42681F5F6EE8009F6156 /* UserInput.c */; };
		D16E426D1F5F7849009F6156 /* Instructions.c in Sources */ = {isa = PBXBuildFile; fileRef = D16E426B1F5F7849009F6156 /* Instructions.c */; };
/* End PBXBuildFile section */

/* Begin PBXCopyFilesBuildPhase section */
		D16E42591F5F6A70009F6156 /* CopyFiles */ = {
			isa = PBXCopyFilesBuildPhase;
			buildActionMask = 2147483647;
			dstPath = /usr/share/man/man1/;
			dstSubfolderSpec = 0;
			files = (
			);
			runOnlyForDeploymentPostprocessing = 1;
		};
/* End PBXCopyFilesBuildPhase section */

/* Begin PBXFileReference section */
		D16E425B1F5F6A70009F6156 /* WritingSkills */ = {isa = PBXFileReference; explicitFileType = "compiled.mach-o.executable"; includeInIndex = 0; path = WritingSkills; sourceTree = BUILT_PRODUCTS_DIR; };
		D16E425E1F5F6A70009F6156 /* main.c */ = {isa = PBXFileReference; lastKnownFileType = sourcecode.c.c; path = main.c; sourceTree = "<group>"; };
		D16E42651F5F6E98009F6156 /* Result.c */ = {isa = PBXFileReference; fileEncoding = 4; lastKnownFileType = sourcecode.c.c; path = Result.c; sourceTree = "<group>"; };
		D16E42661F5F6E98009F6156 /* Result.h */ = {isa = PBXFileReference; fileEncoding = 4; lastKnownFileType = sourcecode.c.h; path = Result.h; sourceTree = "<group>"; };
		D16E42681F5F6EE8009F6156 /* UserInput.c */ = {isa = PBXFileReference; fileEncoding = 4; lastKnownFileType = sourcecode.c.c; path = UserInput.c; sourceTree = "<group>"; };
		D16E42691F5F6EE8009F6156 /* UserInput.h */ = {isa = PBXFileReference; fileEncoding = 4; lastKnownFileType = sourcecode.c.h; path = UserInput.h; sourceTree = "<group>"; };
		D16E426B1F5F7849009F6156 /* Instructions.c */ = {isa = PBXFileReference; fileEncoding = 4; lastKnownFileType = sourcecode.c.c; path = Instructions.c; sourceTree = "<group>"; };
		D16E426C1F5F7849009F6156 /* Instructions.h */ = {isa = PBXFileReference; fileEncoding = 4; lastKnownFileType = sourcecode.c.h; path = Instructions.h; sourceTree = "<group>"; };
/* End PBXFileReference section */

/* Begin PBXFrameworksBuildPhase section */
		D16E42581F5F6A70009F6156 /* Frameworks */ = {
			isa = PBXFrameworksBuildPhase;
			buildActionMask = 2147483647;
			files = (
			);
			runOnlyForDeploymentPostprocessing = 0;
		};
/* End PBXFrameworksBuildPhase section */

/* Begin PBXGroup section */
		D16E42521F5F6A70009F6156 = {
			isa = PBXGroup;
			children = (
				D16E425D1F5F6A70009F6156 /* WritingSkills */,
				D16E425C1F5F6A70009F6156 /* Products */,
			);
			sourceTree = "<group>";
		};
		D16E425C1F5F6A70009F6156 /* Products */ = {
			isa = PBXGroup;
			children = (
				D16E425B1F5F6A70009F6156 /* WritingSkills */,
			);
			name = Products;
			sourceTree = "<group>";
		};
		D16E425D1F5F6A70009F6156 /* WritingSkills */ = {
			isa = PBXGroup;
			children = (
				D16E425E1F5F6A70009F6156 /* main.c */,
				D16E42651F5F6E98009F6156 /* Result.c */,
				D16E42661F5F6E98009F6156 /* Result.h */,
				D16E42681F5F6EE8009F6156 /* UserInput.c */,
				D16E42691F5F6EE8009F6156 /* UserInput.h */,
				D16E426B1F5F7849009F6156 /* Instructions.c */,
				D16E426C1F5F7849009F6156 /* Instructions.h */,
			);
			path = WritingSkills;
			sourceTree = "<group>";
		};
/* End PBXGroup section */

/* Begin PBXNativeTarget section */
		D16E425A1F5F6A70009F6156 /* WritingSkills */ = {
			isa = PBXNativeTarget;
			buildConfigurationList = D16E42621F5F6A70009F6156 /* Build configuration list for PBXNativeTarget "WritingSkills" */;
			buildPhases = (
				D16E42571F5F6A70009F6156 /* Sources */,
				D16E42581F5F6A70009F6156 /* Frameworks */,
				D16E42591F5F6A70009F6156 /* CopyFiles */,
			);
			buildRules = (
			);
			dependencies = (
			);
			name = WritingSkills;
			productName = WritingSkills;
			productReference = D16E425B1F5F6A70009F6156 /* WritingSkills */;
			productType = "com.apple.product-type.tool";
		};
/* End PBXNativeTarget section */

/* Begin PBXProject section */
		D16E42531F5F6A70009F6156 /* Project object */ = {
			isa = PBXProject;
			attributes = {
				LastUpgradeCheck = 0830;
				ORGANIZATIONNAME = "Aleksandra Korolczuk";
				TargetAttributes = {
					D16E425A1F5F6A70009F6156 = {
						CreatedOnToolsVersion = 8.3.3;
						ProvisioningStyle = Automatic;
					};
				};
			};
			buildConfigurationList = D16E42561F5F6A70009F6156 /* Build configuration list for PBXProject "WritingSkills" */;
			compatibilityVersion = "Xcode 3.2";
			developmentRegion = English;
			hasScannedForEncodings = 0;
			knownRegions = (
				en,
			);
			mainGroup = D16E42521F5F6A70009F6156;
			productRefGroup = D16E425C1F5F6A70009F6156 /* Products */;
			projectDirPath = "";
			projectRoot = "";
			targets = (
				D16E425A1F5F6A70009F6156 /* WritingSkills */,
			);
		};
/* End PBXProject section */

/* Begin PBXSourcesBuildPhase section */
		D16E42571F5F6A70009F6156 /* Sources */ = {
			isa = PBXSourcesBuildPhase;
			buildActionMask = 2147483647;
			files = (
				D16E426D1F5F7849009F6156 /* Instructions.c in Sources */,
				D16E42671F5F6E98009F6156 /* Result.c in Sources */,
				D16E425F1F5F6A70009F6156 /* main.c in Sources */,
				D16E426A1F5F6EE8009F6156 /* UserInput.c in Sources */,
			);
			runOnlyForDeploymentPostprocessing = 0;
		};
/* End PBXSourcesBuildPhase section */

/* Begin XCBuildConfiguration section */
		D16E42601F5F6A70009F6156 /* Debug */ = {
			isa = XCBuildConfiguration;
			buildSettings = {
				ALWAYS_SEARCH_USER_PATHS = NO;
				CLANG_ANALYZER_NONNULL = YES;
				CLANG_ANALYZER_NUMBER_OBJECT_CONVERSION = YES_AGGRESSIVE;
				CLANG_CXX_LANGUAGE_STANDARD = "gnu++0x";
				CLANG_CXX_LIBRARY = "libc++";
				CLANG_ENABLE_MODULES = YES;
				CLANG_ENABLE_OBJC_ARC = YES;
				CLANG_WARN_BOOL_CONVERSION = YES;
				CLANG_WARN_CONSTANT_CONVERSION = YES;
				CLANG_WARN_DIRECT_OBJC_ISA_USAGE = YES_ERROR;
				CLANG_WARN_DOCUMENTATION_COMMENTS = YES;
				CLANG_WARN_EMPTY_BODY = YES;
				CLANG_WARN_ENUM_CONVERSION = YES;
				CLANG_WARN_INFINITE_RECURSION = YES;
				CLANG_WARN_INT_CONVERSION = YES;
				CLANG_WARN_OBJC_ROOT_CLASS = YES_ERROR;
				CLANG_WARN_SUSPICIOUS_MOVE = YES;
				CLANG_WARN_UNREACHABLE_CODE = YES;
				CLANG_WARN__DUPLICATE_METHOD_MATCH = YES;
				CODE_SIGN_IDENTITY = "-";
				COPY_PHASE_STRIP = NO;
				DEBUG_INFORMATION_FORMAT = dwarf;
				ENABLE_STRICT_OBJC_MSGSEND = YES;
				ENABLE_TESTABILITY = YES;
				GCC_C_LANGUAGE_STANDARD = gnu99;
				GCC_DYNAMIC_NO_PIC = NO;
				GCC_NO_COMMON_BLOCKS = YES;
				GCC_OPTIMIZATION_LEVEL = 0;
				GCC_PREPROCESSOR_DEFINITIONS = (
					"DEBUG=1",
					"$(inherited)",
				);
				GCC_WARN_64_TO_32_BIT_CONVERSION = YES;
				GCC_WARN_ABOUT_RETURN_TYPE = YES_ERROR;
				GCC_WARN_UNDECLARED_SELECTOR = YES;
				GCC_WARN_UNINITIALIZED_AUTOS = YES_AGGRESSIVE;
				GCC_WARN_UNUSED_FUNCTION = YES;
				GCC_WARN_UNUSED_VARIABLE = YES;
				MACOSX_DEPLOYMENT_TARGET = 10.12;
				MTL_ENABLE_DEBUG_INFO = YES;
				ONLY_ACTIVE_ARCH = YES;
				SDKROOT = macosx;
			};
			name = Debug;
		};
		D16E42611F5F6A70009F6156 /* Release */ = {
			isa = XCBuildConfiguration;
			buildSettings = {
				ALWAYS_SEARCH_USER_PATHS = NO;
				CLANG_ANALYZER_NONNULL = YES;
				CLANG_ANALYZER_NUMBER_OBJECT_CONVERSION = YES_AGGRESSIVE;
				CLANG_CXX_LANGUAGE_STANDARD = "gnu++0x";
				CLANG_CXX_LIBRARY = "libc++";
				CLANG_ENABLE_MODULES = YES;
				CLANG_ENABLE_OBJC_ARC = YES;
				CLANG_WARN_BOOL_CONVERSION = YES;
				CLANG_WARN_CONSTANT_CONVERSION = YES;
				CLANG_WARN_DIRECT_OBJC_ISA_USAGE = YES_ERROR;
				CLANG_WARN_DOCUMENTATION_COMMENTS = YES;
				CLANG_WARN_EMPTY_BODY = YES;
				CLANG_WARN_ENUM_CONVERSION = YES;
				CLANG_WARN_INFINITE_RECURSION = YES;
				CLANG_WARN_INT_CONVERSION = YES;
				CLANG_WARN_OBJC_ROOT_CLASS = YES_ERROR;
				CLANG_WARN_SUSPICIOUS_MOVE = YES;
				CLANG_WARN_UNREACHABLE_CODE = YES;
				CLANG_WARN__DUPLICATE_METHOD_MATCH = YES;
				CODE_SIGN_IDENTITY = "-";
				COPY_PHASE_STRIP = NO;
				DEBUG_INFORMATION_FORMAT = "dwarf-with-dsym";
				ENABLE_NS_ASSERTIONS = NO;
				ENABLE_STRICT_OBJC_MSGSEND = YES;
				GCC_C_LANGUAGE_STANDARD = gnu99;
				GCC_NO_COMMON_BLOCKS = YES;
				GCC_WARN_64_TO_32_BIT_CONVERSION = YES;
				GCC_WARN_ABOUT_RETURN_TYPE = YES_ERROR;
				GCC_WARN_UNDECLARED_SELECTOR = YES;
				GCC_WARN_UNINITIALIZED_AUTOS = YES_AGGRESSIVE;
				GCC_WARN_UNUSED_FUNCTION = YES;
				GCC_WARN_UNUSED_VARIABLE = YES;
				MACOSX_DEPLOYMENT_TARGET = 10.12;
				MTL_ENABLE_DEBUG_INFO = NO;
				SDKROOT = macosx;
			};
			name = Release;
		};
		D16E42631F5F6A70009F6156 /* Debug */ = {
			isa = XCBuildConfiguration;
			buildSettings = {
				PRODUCT_NAME = "$(TARGET_NAME)";
			};
			name = Debug;
		};
		D16E42641F5F6A70009F6156 /* Release */ = {
			isa = XCBuildConfiguration;
			buildSettings = {
				PRODUCT_NAME = "$(TARGET_NAME)";
			};
			name = Release;
		};
/* End XCBuildConfiguration section */

/* Begin XCConfigurationList section */
		D16E42561F5F6A70009F6156 /* Build configuration list for PBXProject "WritingSkills" */ = {
			isa = XCConfigurationList;
			buildConfigurations = (
				D16E42601F5F6A70009F6156 /* Debug */,
				D16E42611F5F6A70009F6156 /* Release */,
			);
			defaultConfigurationIsVisible = 0;
			defaultConfigurationName = Release;
		};
		D16E42621F5F6A70009F6156 /* Build configuration list for PBXNativeTarget "WritingSkills" */ = {
			isa = XCConfigurationList;
			buildConfigurations = (
				D16E42631F5F6A70009F6156 /* Debug */,
				D16E42641F5F6A70009F6156 /* Release */,
			);
			defaultConfigurationIsVisible = 0;
			defaultConfigurationName = Release;
		};
/* End XCConfigurationList section */
	};
	rootObject = D16E42531F5F6A70009F6156 /* Project object */;
}
